
Microsoft Visual Studio Solution File, Format Version 12.00
# Visual Studio 2012
Project("{FAE04EC0-301F-11D3-BF4B-00C04F79EFBC}") = "CTS1.2.3.Student", "CTS1.2.3.Student\CTS1.2.3.Student.csproj", "{3C256766-7863-48C1-9FC0-52A8967F926E}"
EndProject
Global
	GlobalSection(SolutionConfigurationPlatforms) = preSolution
		Debug|Any CPU = Debug|Any CPU
		Release|Any CPU = Release|Any CPU
	EndGlobalSection
	GlobalSection(ProjectConfigurationPlatforms) = postSolution
		{3C256766-7863-48C1-9FC0-52A8967F926E}.Debug|Any CPU.ActiveCfg = Debug|Any CPU
		{3C256766-7863-48C1-9FC0-52A8967F926E}.Debug|Any CPU.Build.0 = Debug|Any CPU
		{3C256766-7863-48C1-9FC0-52A8967F926E}.Release|Any CPU.ActiveCfg = Release|Any CPU
		{3C256766-7863-48C1-9FC0-52A8967F926E}.Release|Any CPU.Build.0 = Release|Any CPU
	EndGlobalSection
	GlobalSection(SolutionProperties) = preSolution
		HideSolutionNode = FALSE
	EndGlobalSection
EndGlobal
